
Microsoft Visual Studio Solution File, Format Version 12.00
# Visual Studio Version 17
VisualStudioVersion = 17.7.34018.315
MinimumVisualStudioVersion = 10.0.40219.1
Project("{9A19103F-16F7-4668-BE54-9A1E7A4F7556}") = "PlayGround.API", "PlayGround.API\PlayGround.API.csproj", "{DDE9946F-B553-4A2B-B025-8A57D44FA47D}"
EndProject
Project("{9A19103F-16F7-4668-BE54-9A1E7A4F7556}") = "TDDPractices", "TDDPractices\TDDPractices.csproj", "{E38FE477-B108-40B3-A08B-13770FC7B4CC}"
EndProject
Project("{9A19103F-16F7-4668-BE54-9A1E7A4F7556}") = "EvaluatorEngine", "EvaluatorEngine\EvaluatorEngine.csproj", "{98A42F45-A126-4779-B01C-DFFE09C927BD}"
EndProject
Project("{9A19103F-16F7-4668-BE54-9A1E7A4F7556}") = "TDDPractices.Tests", "TDDPractices.Tests\TDDPractices.Tests.csproj", "{EC1AA938-2AD6-4012-A916-C9C90D3CE68A}"
EndProject
Project("{9A19103F-16F7-4668-BE54-9A1E7A4F7556}") = "PlayGround.Client", "PlayGround.Client\PlayGround.Client.csproj", "{D934DDE9-CEE5-41D2-BD3F-5C8AB9374258}"
EndProject
Project("{FAE04EC0-301F-11D3-BF4B-00C04F79EFBC}") = "PlayGround.Shared", "PlayGround.Shared\PlayGround.Shared.csproj", "{5736CDB1-6E36-49A4-9287-F3CBECFFF977}"
EndProject
Global
	GlobalSection(SolutionConfigurationPlatforms) = preSolution
		Debug|Any CPU = Debug|Any CPU
		Release|Any CPU = Release|Any CPU
	EndGlobalSection
	GlobalSection(ProjectConfigurationPlatforms) = postSolution
		{DDE9946F-B553-4A2B-B025-8A57D44FA47D}.Debug|Any CPU.ActiveCfg = Debug|Any CPU
		{DDE9946F-B553-4A2B-B025-8A57D44FA47D}.Debug|Any CPU.Build.0 = Debug|Any CPU
		{DDE9946F-B553-4A2B-B025-8A57D44FA47D}.Release|Any CPU.ActiveCfg = Release|Any CPU
		{DDE9946F-B553-4A2B-B025-8A57D44FA47D}.Release|Any CPU.Build.0 = Release|Any CPU
		{E38FE477-B108-40B3-A08B-13770FC7B4CC}.Debug|Any CPU.ActiveCfg = Debug|Any CPU
		{E38FE477-B108-40B3-A08B-13770FC7B4CC}.Debug|Any CPU.Build.0 = Debug|Any CPU
		{E38FE477-B108-40B3-A08B-13770FC7B4CC}.Release|Any CPU.ActiveCfg = Release|Any CPU
		{E38FE477-B108-40B3-A08B-13770FC7B4CC}.Release|Any CPU.Build.0 = Release|Any CPU
		{98A42F45-A126-4779-B01C-DFFE09C927BD}.Debug|Any CPU.ActiveCfg = Debug|Any CPU
		{98A42F45-A126-4779-B01C-DFFE09C927BD}.Debug|Any CPU.Build.0 = Debug|Any CPU
		{98A42F45-A126-4779-B01C-DFFE09C927BD}.Release|Any CPU.ActiveCfg = Release|Any CPU
		{98A42F45-A126-4779-B01C-DFFE09C927BD}.Release|Any CPU.Build.0 = Release|Any CPU
		{EC1AA938-2AD6-4012-A916-C9C90D3CE68A}.Debug|Any CPU.ActiveCfg = Debug|Any CPU
		{EC1AA938-2AD6-4012-A916-C9C90D3CE68A}.Debug|Any CPU.Build.0 = Debug|Any CPU
		{EC1AA938-2AD6-4012-A916-C9C90D3CE68A}.Release|Any CPU.ActiveCfg = Release|Any CPU
		{EC1AA938-2AD6-4012-A916-C9C90D3CE68A}.Release|Any CPU.Build.0 = Release|Any CPU
		{D934DDE9-CEE5-41D2-BD3F-5C8AB9374258}.Debug|Any CPU.ActiveCfg = Debug|Any CPU
		{D934DDE9-CEE5-41D2-BD3F-5C8AB9374258}.Debug|Any CPU.Build.0 = Debug|Any CPU
		{D934DDE9-CEE5-41D2-BD3F-5C8AB9374258}.Release|Any CPU.ActiveCfg = Release|Any CPU
		{D934DDE9-CEE5-41D2-BD3F-5C8AB9374258}.Release|Any CPU.Build.0 = Release|Any CPU
		{5736CDB1-6E36-49A4-9287-F3CBECFFF977}.Debug|Any CPU.ActiveCfg = Debug|Any CPU
		{5736CDB1-6E36-49A4-9287-F3CBECFFF977}.Debug|Any CPU.Build.0 = Debug|Any CPU
		{5736CDB1-6E36-49A4-9287-F3CBECFFF977}.Release|Any CPU.ActiveCfg = Release|Any CPU
		{5736CDB1-6E36-49A4-9287-F3CBECFFF977}.Release|Any CPU.Build.0 = Release|Any CPU
	EndGlobalSection
	GlobalSection(SolutionProperties) = preSolution
		HideSolutionNode = FALSE
	EndGlobalSection
	GlobalSection(ExtensibilityGlobals) = postSolution
		SolutionGuid = {4B518799-2BF2-498C-9A5D-4016B849CA6D}
	EndGlobalSection
EndGlobal
